
Microsoft Visual Studio Solution File, Format Version 12.00
# Visual Studio Version 17
VisualStudioVersion = 17.14.36121.58 d17.14
MinimumVisualStudioVersion = 10.0.40219.1
Project("{FAE04EC0-301F-11D3-BF4B-00C04F79EFBC}") = "VibeCollection.API", "VibeCollection.API.csproj", "{9127085C-1D7F-42BF-BA94-30C4D0494093}"
EndProject
Global
	GlobalSection(SolutionConfigurationPlatforms) = preSolution
		Debug|Any CPU = Debug|Any CPU
		Release|Any CPU = Release|Any CPU
	EndGlobalSection
	GlobalSection(ProjectConfigurationPlatforms) = postSolution
		{9127085C-1D7F-42BF-BA94-30C4D0494093}.Debug|Any CPU.ActiveCfg = Debug|Any CPU
		{9127085C-1D7F-42BF-BA94-30C4D0494093}.Debug|Any CPU.Build.0 = Debug|Any CPU
		{9127085C-1D7F-42BF-BA94-30C4D0494093}.Release|Any CPU.ActiveCfg = Release|Any CPU
		{9127085C-1D7F-42BF-BA94-30C4D0494093}.Release|Any CPU.Build.0 = Release|Any CPU
	EndGlobalSection
	GlobalSection(SolutionProperties) = preSolution
		HideSolutionNode = FALSE
	EndGlobalSection
	GlobalSection(ExtensibilityGlobals) = postSolution
		SolutionGuid = {253A3046-ECB3-44D7-BC40-5332C4545384}
	EndGlobalSection
EndGlobal
